
Microsoft Visual Studio Solution File, Format Version 12.00
# Visual Studio 15
VisualStudioVersion = 15.0.28307.572
MinimumVisualStudioVersion = 10.0.40219.1
Global
	GlobalSection(SolutionProperties) = preSolution
		HideSolutionNode = FALSE
	EndGlobalSection
	GlobalSection(ExtensibilityGlobals) = postSolution
		SolutionGuid = {D12AE989-DF22-4CBA-9189-7A34ABAC183E}
	EndGlobalSection
EndGlobal


https://github.com/Rav018/raja.git
https://github.com/Rav018/raja.githttps://github.com/Rav018/raja.githttps://github.com/Rav018/raja.git
